
Microsoft Visual Studio Solution File, Format Version 12.00
# Visual Studio Version 17
VisualStudioVersion = 17.3.32819.101
MinimumVisualStudioVersion = 10.0.40219.1
Project("{9A19103F-16F7-4668-BE54-9A1E7A4F7556}") = "BancosApi", "BancosApi\BancosApi.csproj", "{B903B58B-FA9A-4CC6-B7BE-DADA6603FA0D}"
EndProject
Project("{9A19103F-16F7-4668-BE54-9A1E7A4F7556}") = "BancosApi.Infrastructure", "BancosApi.Infrastructure\BancosApi.Infrastructure.csproj", "{C81F6579-6B98-437E-B2A5-D9687838A554}"
EndProject
Project("{9A19103F-16F7-4668-BE54-9A1E7A4F7556}") = "BancosApi.Domain", "BancosApi.Domain\BancosApi.Domain.csproj", "{C7D09E2E-DAA0-4C83-BBAD-B6A1B3CB1E81}"
EndProject
Project("{FAE04EC0-301F-11D3-BF4B-00C04F79EFBC}") = "BancosApi.Domain.Tests", "BancosApi.Domain.Tests\BancosApi.Domain.Tests.csproj", "{246C6E83-391C-4778-8D25-D3805A17B81A}"
EndProject
Project("{2150E333-8FDC-42A3-9474-1A3956D46DE8}") = "src", "src", "{89383519-F938-4831-963C-7AFFF8265E6D}"
EndProject
Project("{2150E333-8FDC-42A3-9474-1A3956D46DE8}") = "tests", "tests", "{FF965B12-85B7-40F1-8B0F-4E230ED81245}"
EndProject
Global
	GlobalSection(SolutionConfigurationPlatforms) = preSolution
		Debug|Any CPU = Debug|Any CPU
		Release|Any CPU = Release|Any CPU
	EndGlobalSection
	GlobalSection(ProjectConfigurationPlatforms) = postSolution
		{B903B58B-FA9A-4CC6-B7BE-DADA6603FA0D}.Debug|Any CPU.ActiveCfg = Debug|Any CPU
		{B903B58B-FA9A-4CC6-B7BE-DADA6603FA0D}.Debug|Any CPU.Build.0 = Debug|Any CPU
		{B903B58B-FA9A-4CC6-B7BE-DADA6603FA0D}.Release|Any CPU.ActiveCfg = Release|Any CPU
		{B903B58B-FA9A-4CC6-B7BE-DADA6603FA0D}.Release|Any CPU.Build.0 = Release|Any CPU
		{C81F6579-6B98-437E-B2A5-D9687838A554}.Debug|Any CPU.ActiveCfg = Debug|Any CPU
		{C81F6579-6B98-437E-B2A5-D9687838A554}.Debug|Any CPU.Build.0 = Debug|Any CPU
		{C81F6579-6B98-437E-B2A5-D9687838A554}.Release|Any CPU.ActiveCfg = Release|Any CPU
		{C81F6579-6B98-437E-B2A5-D9687838A554}.Release|Any CPU.Build.0 = Release|Any CPU
		{C7D09E2E-DAA0-4C83-BBAD-B6A1B3CB1E81}.Debug|Any CPU.ActiveCfg = Debug|Any CPU
		{C7D09E2E-DAA0-4C83-BBAD-B6A1B3CB1E81}.Debug|Any CPU.Build.0 = Debug|Any CPU
		{C7D09E2E-DAA0-4C83-BBAD-B6A1B3CB1E81}.Release|Any CPU.ActiveCfg = Release|Any CPU
		{C7D09E2E-DAA0-4C83-BBAD-B6A1B3CB1E81}.Release|Any CPU.Build.0 = Release|Any CPU
		{246C6E83-391C-4778-8D25-D3805A17B81A}.Debug|Any CPU.ActiveCfg = Debug|Any CPU
		{246C6E83-391C-4778-8D25-D3805A17B81A}.Debug|Any CPU.Build.0 = Debug|Any CPU
		{246C6E83-391C-4778-8D25-D3805A17B81A}.Release|Any CPU.ActiveCfg = Release|Any CPU
		{246C6E83-391C-4778-8D25-D3805A17B81A}.Release|Any CPU.Build.0 = Release|Any CPU
	EndGlobalSection
	GlobalSection(SolutionProperties) = preSolution
		HideSolutionNode = FALSE
	EndGlobalSection
	GlobalSection(NestedProjects) = preSolution
		{B903B58B-FA9A-4CC6-B7BE-DADA6603FA0D} = {89383519-F938-4831-963C-7AFFF8265E6D}
		{C81F6579-6B98-437E-B2A5-D9687838A554} = {89383519-F938-4831-963C-7AFFF8265E6D}
		{C7D09E2E-DAA0-4C83-BBAD-B6A1B3CB1E81} = {89383519-F938-4831-963C-7AFFF8265E6D}
		{246C6E83-391C-4778-8D25-D3805A17B81A} = {FF965B12-85B7-40F1-8B0F-4E230ED81245}
	EndGlobalSection
	GlobalSection(ExtensibilityGlobals) = postSolution
		SolutionGuid = {51EA5505-FEC0-4121-921F-8F1A26FD4F90}
	EndGlobalSection
EndGlobal
